<?xml version="1.0" encoding="utf-8"?>
<Project ToolsVersion="4.0" xmlns="http://schemas.microsoft.com/developer/msbuild/2003">
  <ItemGroup>
    <ClCompile Include="src\app\main.cpp" />
    <ClCompile Include="src\app\commandLineArgument.cpp" />
    <ClCompile Include="src\app\exitCode.cpp" />
    <ClCompile Include="src\app\threads\networkThread.cpp" />
    <ClCompile Include="src\app\threads\physicsThread.cpp" />
    <ClCompile Include="src\app\playerManager.cpp" />
    <ClCompile Include="src\app\udp\udpCommunication.cpp" />
    <ClCompile Include="core\app\udp\udpFrameType.cpp" />
    <ClCompile Include="core\app\udp\udpSerializer.cpp" />
    <ClCompile Include="core\app\exitSignal.cpp" />
    <ClCompile Include="core\common\terrains\maps\airportMap.cpp" />
    <ClCompile Include="core\common\terrains\maps\hillsMap.cpp" />
    <ClCompile Include="core\common\terrains\maps\map.cpp" />
    <ClCompile Include="core\common\terrains\compositeTerrain.cpp" />
    <ClCompile Include="core\common\terrains\hill.cpp" />
    <ClCompile Include="core\common\terrains\valueNoise.cpp" />
    <ClCompile Include="core\common\terrains\waveX.cpp" />
    <ClCompile Include="core\common\terrains\waveZ.cpp" />
    <ClCompile Include="core\common\airplaneTypeName.cpp" />
    <ClCompile Include="core\common\mapName.cpp" />
    <ClCompile Include="core\common\state.cpp" />
    <ClCompile Include="core\common\transformable.cpp" />
    <ClCompile Include="core\physics\airplaneParams\airplaneParams.cpp" />
    <ClCompile Include="core\physics\collisions\collisionTest.cpp" />
    <ClCompile Include="core\physics\modelDynamics\airplaneDynamics.cpp" />
    <ClCompile Include="core\physics\modelDynamics\bulletDynamics.cpp" />
    <ClCompile Include="core\physics\modelDynamics\rigidBodyDynamics.cpp" />
    <ClCompile Include="core\physics\models\airplane.cpp" />
    <ClCompile Include="core\physics\models\bullet.cpp" />
    <ClCompile Include="core\physics\models\model.cpp" />
    <ClCompile Include="core\physics\atmosphere.cpp" />
    <ClCompile Include="core\physics\dayNightCycle.cpp" />
    <ClCompile Include="core\physics\flightCtrl.cpp" />
    <ClCompile Include="core\physics\notification.cpp" />
    <ClCompile Include="core\physics\scene.cpp" />
    <ClCompile Include="core\physics\simulationBuffer.cpp" />
    <ClCompile Include="core\physics\simulationBufferElement.cpp" />
    <ClCompile Include="core\physics\simulationClock.cpp" />
    <ClCompile Include="core\physics\spawner.cpp" />
    <ClCompile Include="core\physics\timestamp.cpp" />
    <ClCompile Include="core\physics\timestep.cpp" />
  </ItemGroup>
  <ItemGroup>
    <ClInclude Include="src\app\commandLineArgument.hpp" />
    <ClInclude Include="src\app\exitCode.hpp" />
    <ClInclude Include="src\app\threads\networkThread.hpp" />
    <ClInclude Include="src\app\udp\udpCommunication.hpp" />
    <ClInclude Include="src\app\threads\physicsThread.hpp" />
    <ClInclude Include="src\app\playerData.hpp" />
    <ClInclude Include="src\app\playerManager.hpp" />
    <ClInclude Include="core\app\udp\frame\controlFrame.hpp" />
    <ClInclude Include="core\app\udp\frame\initReqFrame.hpp" />
    <ClInclude Include="core\app\udp\frame\initResFrame.hpp" />
    <ClInclude Include="core\app\udp\frame\stateFrame.hpp" />
    <ClInclude Include="core\app\udp\frame\stateFramePlayerInfo.hpp" />
    <ClInclude Include="core\app\udp\udpFrameType.hpp" />
    <ClInclude Include="core\app\udp\udpSerializer.hpp" />
    <ClInclude Include="core\app\exitSignal.hpp" />
    <ClInclude Include="core\common\terrains\maps\airportMap.hpp" />
    <ClInclude Include="core\common\terrains\maps\hillsMap.hpp" />
    <ClInclude Include="core\common\terrains\maps\map.hpp" />
    <ClInclude Include="core\common\terrains\maps\maps.hpp" />
    <ClInclude Include="core\common\terrains\compositeTerrain.hpp" />
    <ClInclude Include="core\common\terrains\hill.hpp" />
    <ClInclude Include="core\common\terrains\terrain.hpp" />
    <ClInclude Include="core\common\terrains\valueNoise.hpp" />
    <ClInclude Include="core\common\terrains\waveX.hpp" />
    <ClInclude Include="core\common\terrains\waveZ.hpp" />
    <ClInclude Include="core\common\airplaneCentersOfMass.hpp" />
    <ClInclude Include="core\common\airplaneCtrl.hpp" />
    <ClInclude Include="core\common\airplaneInfo.hpp" />
    <ClInclude Include="core\common\airplaneTypeName.hpp" />
    <ClInclude Include="core\common\bulletInfo.hpp" />
    <ClInclude Include="core\common\config.hpp" />
    <ClInclude Include="core\common\mapName.hpp" />
    <ClInclude Include="core\common\sceneInfo.hpp" />
    <ClInclude Include="core\common\state.hpp" />
    <ClInclude Include="core\common\transformable.hpp" />
    <ClInclude Include="core\common\valueNoise.hpp" />
    <ClInclude Include="core\physics\airplaneParams\airplaneParams.hpp" />
    <ClInclude Include="core\physics\airplaneParams\fuselageParams.hpp" />
    <ClInclude Include="core\physics\airplaneParams\inertiaParams.hpp" />
    <ClInclude Include="core\physics\airplaneParams\propulsionParams.hpp" />
    <ClInclude Include="core\physics\airplaneParams\surfaceParams.hpp" />
    <ClInclude Include="core\physics\airplaneParamsDatabase\jw1.hpp" />
    <ClInclude Include="core\physics\airplaneParamsDatabase\mustang.hpp" />
    <ClInclude Include="core\physics\collisions\airplane.hpp" />
    <ClInclude Include="core\physics\collisions\collisionTest.hpp" />
    <ClInclude Include="core\physics\collisions\ellipsoid.hpp" />
    <ClInclude Include="core\physics\modelDynamics\airplaneDynamics.hpp" />
    <ClInclude Include="core\physics\modelDynamics\bulletDynamics.hpp" />
    <ClInclude Include="core\physics\modelDynamics\rigidBodyDynamics.hpp" />
    <ClInclude Include="core\physics\models\airplane.hpp" />
    <ClInclude Include="core\physics\models\bullet.hpp" />
    <ClInclude Include="core\physics\models\model.hpp" />
    <ClInclude Include="core\physics\airplaneDefinition.hpp" />
    <ClInclude Include="core\physics\airplaneDefinitions.hpp" />
    <ClInclude Include="core\physics\atmosphere.hpp" />
    <ClInclude Include="core\physics\dayNightCycle.hpp" />
    <ClInclude Include="core\physics\flightCtrl.hpp" />
    <ClInclude Include="core\physics\notification.hpp" />
    <ClInclude Include="core\physics\playerInfo.hpp" />
    <ClInclude Include="core\physics\playerInput.hpp" />
    <ClInclude Include="core\physics\playerState.hpp" />
    <ClInclude Include="core\physics\rungeKutta.hpp" />
    <ClInclude Include="core\physics\rungeKuttaRightHandSide.hpp" />
    <ClInclude Include="core\physics\scene.hpp" />
    <ClInclude Include="core\physics\simulationBuffer.hpp" />
    <ClInclude Include="core\physics\simulationBufferElement.hpp" />
    <ClInclude Include="core\physics\simulationBufferPlayer.hpp" />
    <ClInclude Include="core\physics\simulationClock.hpp" />
    <ClInclude Include="core\physics\spawner.hpp" />
    <ClInclude Include="core\physics\timestamp.hpp" />
    <ClInclude Include="core\physics\timestep.hpp" />
  </ItemGroup>
  <ItemGroup>
    <None Include=".gitignore" />
    <None Include=".gitmodules" />
  </ItemGroup>
</Project>